// !$*UTF8*$!
{
	archiveVersion = 1;
	classes = {
	};
	objectVersion = 50;
	objects = {

/* Begin PBXBuildFile section */
		6D86F1FD25EAB6B60052CD5B /* SteinSaksPapirApp.swift in Sources */ = {isa = PBXBuildFile; fileRef = 6D86F1FC25EAB6B60052CD5B /* SteinSaksPapirApp.swift */; };
		6D86F1FF25EAB6B60052CD5B /* ContentView.swift in Sources */ = {isa = PBXBuildFile; fileRef = 6D86F1FE25EAB6B60052CD5B /* ContentView.swift */; };
		6D86F20125EAB6B70052CD5B /* Assets.xcassets in Resources */ = {isa = PBXBuildFile; fileRef = 6D86F20025EAB6B70052CD5B /* Assets.xcassets */; };
		6D86F20425EAB6B70052CD5B /* Preview Assets.xcassets in Resources */ = {isa = PBXBuildFile; fileRef = 6D86F20325EAB6B70052CD5B /* Preview Assets.xcassets */; };
/* End PBXBuildFile section */

/* Begin PBXFileReference section */
		6D86F1F925EAB6B60052CD5B /* SteinSaksPapir.app */ = {isa = PBXFileReference; explicitFileType = wrapper.application; includeInIndex = 0; path = SteinSaksPapir.app; sourceTree = BUILT_PRODUCTS_DIR; };
		6D86F1FC25EAB6B60052CD5B /* SteinSaksPapirApp.swift */ = {isa = PBXFileReference; lastKnownFileType = sourcecode.swift; path = SteinSaksPapirApp.swift; sourceTree = "<group>"; };
		6D86F1FE25EAB6B60052CD5B /* ContentView.swift */ = {isa = PBXFileReference; lastKnownFileType = sourcecode.swift; path = ContentView.swift; sourceTree = "<group>"; };
		6D86F20025EAB6B70052CD5B /* Assets.xcassets */ = {isa = PBXFileReference; lastKnownFileType = folder.assetcatalog; path = Assets.xcassets; sourceTree = "<group>"; };
		6D86F20325EAB6B70052CD5B /* Preview Assets.xcassets */ = {isa = PBXFileReference; lastKnownFileType = folder.assetcatalog; path = "Preview Assets.xcassets"; sourceTree = "<group>"; };
		6D86F20525EAB6B70052CD5B /* Info.plist */ = {isa = PBXFileReference; lastKnownFileType = text.plist.xml; path = Info.plist; sourceTree = "<group>"; };
/* End PBXFileReference section */

/* Begin PBXFrameworksBuildPhase section */
		6D86F1F625EAB6B60052CD5B /* Frameworks */ = {
			isa = PBXFrameworksBuildPhase;
			buildActionMask = 2147483647;
			files = (
			);
			runOnlyForDeploymentPostprocessing = 0;
		};
/* End PBXFrameworksBuildPhase section */

/* Begin PBXGroup section */
		6D86F1F025EAB6B60052CD5B = {
			isa = PBXGroup;
			children = (
				6D86F1FB25EAB6B60052CD5B /* SteinSaksPapir */,
				6D86F1FA25EAB6B60052CD5B /* Products */,
			);
			sourceTree = "<group>";
		};
		6D86F1FA25EAB6B60052CD5B /* Products */ = {
			isa = PBXGroup;
			children = (
				6D86F1F925EAB6B60052CD5B /* SteinSaksPapir.app */,
			);
			name = Products;
			sourceTree = "<group>";
		};
		6D86F1FB25EAB6B60052CD5B /* SteinSaksPapir */ = {
			isa = PBXGroup;
			children = (
				6D86F1FC25EAB6B60052CD5B /* SteinSaksPapirApp.swift */,
				6D86F1FE25EAB6B60052CD5B /* ContentView.swift */,
				6D86F20025EAB6B70052CD5B /* Assets.xcassets */,
				6D86F20525EAB6B70052CD5B /* Info.plist */,
				6D86F20225EAB6B70052CD5B /* Preview Content */,
			);
			path = SteinSaksPapir;
			sourceTree = "<group>";
		};
		6D86F20225EAB6B70052CD5B /* Preview Content */ = {
			isa = PBXGroup;
			children = (
				6D86F20325EAB6B70052CD5B /* Preview Assets.xcassets */,
			);
			path = "Preview Content";
			sourceTree = "<group>";
		};
/* End PBXGroup section */

/* Begin PBXNativeTarget section */
		6D86F1F825EAB6B60052CD5B /* SteinSaksPapir */ = {
			isa = PBXNativeTarget;
			buildConfigurationList = 6D86F20825EAB6B70052CD5B /* Build configuration list for PBXNativeTarget "SteinSaksPapir" */;
			buildPhases = (
				6D86F1F525EAB6B60052CD5B /* Sources */,
				6D86F1F625EAB6B60052CD5B /* Frameworks */,
				6D86F1F725EAB6B60052CD5B /* Resources */,
			);
			buildRules = (
			);
			dependencies = (
			);
			name = SteinSaksPapir;
			productName = SteinSaksPapir;
			productReference = 6D86F1F925EAB6B60052CD5B /* SteinSaksPapir.app */;
			productType = "com.apple.product-type.application";
		};
/* End PBXNativeTarget section */

/* Begin PBXProject section */
		6D86F1F125EAB6B60052CD5B /* Project object */ = {
			isa = PBXProject;
			attributes = {
				LastSwiftUpdateCheck = 1240;
				LastUpgradeCheck = 1240;
				TargetAttributes = {
					6D86F1F825EAB6B60052CD5B = {
						CreatedOnToolsVersion = 12.4;
					};
				};
			};
			buildConfigurationList = 6D86F1F425EAB6B60052CD5B /* Build configuration list for PBXProject "SteinSaksPapir" */;
			compatibilityVersion = "Xcode 9.3";
			developmentRegion = en;
			hasScannedForEncodings = 0;
			knownRegions = (
				en,
				Base,
			);
			mainGroup = 6D86F1F025EAB6B60052CD5B;
			productRefGroup = 6D86F1FA25EAB6B60052CD5B /* Products */;
			projectDirPath = "";
			projectRoot = "";
			targets = (
				6D86F1F825EAB6B60052CD5B /* SteinSaksPapir */,
			);
		};
/* End PBXProject section */

/* Begin PBXResourcesBuildPhase section */
		6D86F1F725EAB6B60052CD5B /* Resources */ = {
			isa = PBXResourcesBuildPhase;
			buildActionMask = 2147483647;
			files = (
				6D86F20425EAB6B70052CD5B /* Preview Assets.xcassets in Resources */,
				6D86F20125EAB6B70052CD5B /* Assets.xcassets in Resources */,
			);
			runOnlyForDeploymentPostprocessing = 0;
		};
/* End PBXResourcesBuildPhase section */

/* Begin PBXSourcesBuildPhase section */
		6D86F1F525EAB6B60052CD5B /* Sources */ = {
			isa = PBXSourcesBuildPhase;
			buildActionMask = 2147483647;
			files = (
				6D86F1FF25EAB6B60052CD5B /* ContentView.swift in Sources */,
				6D86F1FD25EAB6B60052CD5B /* SteinSaksPapirApp.swift in Sources */,
			);
			runOnlyForDeploymentPostprocessing = 0;
		};
/* End PBXSourcesBuildPhase section */

/* Begin XCBuildConfiguration section */
		6D86F20625EAB6B70052CD5B /* Debug */ = {
			isa = XCBuildConfiguration;
			buildSettings = {
				ALWAYS_SEARCH_USER_PATHS = NO;
				CLANG_ANALYZER_NONNULL = YES;
				CLANG_ANALYZER_NUMBER_OBJECT_CONVERSION = YES_AGGRESSIVE;
				CLANG_CXX_LANGUAGE_STANDARD = "gnu++14";
				CLANG_CXX_LIBRARY = "libc++";
				CLANG_ENABLE_MODULES = YES;
				CLANG_ENABLE_OBJC_ARC = YES;
				CLANG_ENABLE_OBJC_WEAK = YES;
				CLANG_WARN_BLOCK_CAPTURE_AUTORELEASING = YES;
				CLANG_WARN_BOOL_CONVERSION = YES;
				CLANG_WARN_COMMA = YES;
				CLANG_WARN_CONSTANT_CONVERSION = YES;
				CLANG_WARN_DEPRECATED_OBJC_IMPLEMENTATIONS = YES;
				CLANG_WARN_DIRECT_OBJC_ISA_USAGE = YES_ERROR;
				CLANG_WARN_DOCUMENTATION_COMMENTS = YES;
				CLANG_WARN_EMPTY_BODY = YES;
				CLANG_WARN_ENUM_CONVERSION = YES;
				CLANG_WARN_INFINITE_RECURSION = YES;
				CLANG_WARN_INT_CONVERSION = YES;
				CLANG_WARN_NON_LITERAL_NULL_CONVERSION = YES;
				CLANG_WARN_OBJC_IMPLICIT_RETAIN_SELF = YES;
				CLANG_WARN_OBJC_LITERAL_CONVERSION = YES;
				CLANG_WARN_OBJC_ROOT_CLASS = YES_ERROR;
				CLANG_WARN_QUOTED_INCLUDE_IN_FRAMEWORK_HEADER = YES;
				CLANG_WARN_RANGE_LOOP_ANALYSIS = YES;
				CLANG_WARN_STRICT_PROTOTYPES = YES;
				CLANG_WARN_SUSPICIOUS_MOVE = YES;
				CLANG_WARN_UNGUARDED_AVAILABILITY = YES_AGGRESSIVE;
				CLANG_WARN_UNREACHABLE_CODE = YES;
				CLANG_WARN__DUPLICATE_METHOD_MATCH = YES;
				COPY_PHASE_STRIP = NO;
				DEBUG_INFORMATION_FORMAT = dwarf;
				ENABLE_STRICT_OBJC_MSGSEND = YES;
				ENABLE_TESTABILITY = YES;
				GCC_C_LANGUAGE_STANDARD = gnu11;
				GCC_DYNAMIC_NO_PIC = NO;
				GCC_NO_COMMON_BLOCKS = YES;
				GCC_OPTIMIZATION_LEVEL = 0;
				GCC_PREPROCESSOR_DEFINITIONS = (
					"DEBUG=1",
					"$(inherited)",
				);
				GCC_WARN_64_TO_32_BIT_CONVERSION = YES;
				GCC_WARN_ABOUT_RETURN_TYPE = YES_ERROR;
				GCC_WARN_UNDECLARED_SELECTOR = YES;
				GCC_WARN_UNINITIALIZED_AUTOS = YES_AGGRESSIVE;
				GCC_WARN_UNUSED_FUNCTION = YES;
				GCC_WARN_UNUSED_VARIABLE = YES;
				IPHONEOS_DEPLOYMENT_TARGET = 14.4;
				MTL_ENABLE_DEBUG_INFO = INCLUDE_SOURCE;
				MTL_FAST_MATH = YES;
				ONLY_ACTIVE_ARCH = YES;
				SDKROOT = iphoneos;
				SWIFT_ACTIVE_COMPILATION_CONDITIONS = DEBUG;
				SWIFT_OPTIMIZATION_LEVEL = "-Onone";
			};
			name = Debug;
		};
		6D86F20725EAB6B70052CD5B /* Release */ = {
			isa = XCBuildConfiguration;
			buildSettings = {
				ALWAYS_SEARCH_USER_PATHS = NO;
				CLANG_ANALYZER_NONNULL = YES;
				CLANG_ANALYZER_NUMBER_OBJECT_CONVERSION = YES_AGGRESSIVE;
				CLANG_CXX_LANGUAGE_STANDARD = "gnu++14";
				CLANG_CXX_LIBRARY = "libc++";
				CLANG_ENABLE_MODULES = YES;
				CLANG_ENABLE_OBJC_ARC = YES;
				CLANG_ENABLE_OBJC_WEAK = YES;
				CLANG_WARN_BLOCK_CAPTURE_AUTORELEASING = YES;
				CLANG_WARN_BOOL_CONVERSION = YES;
				CLANG_WARN_COMMA = YES;
				CLANG_WARN_CONSTANT_CONVERSION = YES;
				CLANG_WARN_DEPRECATED_OBJC_IMPLEMENTATIONS = YES;
				CLANG_WARN_DIRECT_OBJC_ISA_USAGE = YES_ERROR;
				CLANG_WARN_DOCUMENTATION_COMMENTS = YES;
				CLANG_WARN_EMPTY_BODY = YES;
				CLANG_WARN_ENUM_CONVERSION = YES;
				CLANG_WARN_INFINITE_RECURSION = YES;
				CLANG_WARN_INT_CONVERSION = YES;
				CLANG_WARN_NON_LITERAL_NULL_CONVERSION = YES;
				CLANG_WARN_OBJC_IMPLICIT_RETAIN_SELF = YES;
				CLANG_WARN_OBJC_LITERAL_CONVERSION = YES;
				CLANG_WARN_OBJC_ROOT_CLASS = YES_ERROR;
				CLANG_WARN_QUOTED_INCLUDE_IN_FRAMEWORK_HEADER = YES;
				CLANG_WARN_RANGE_LOOP_ANALYSIS = YES;
				CLANG_WARN_STRICT_PROTOTYPES = YES;
				CLANG_WARN_SUSPICIOUS_MOVE = YES;
				CLANG_WARN_UNGUARDED_AVAILABILITY = YES_AGGRESSIVE;
				CLANG_WARN_UNREACHABLE_CODE = YES;
				CLANG_WARN__DUPLICATE_METHOD_MATCH = YES;
				COPY_PHASE_STRIP = NO;
				DEBUG_INFORMATION_FORMAT = "dwarf-with-dsym";
				ENABLE_NS_ASSERTIONS = NO;
				ENABLE_STRICT_OBJC_MSGSEND = YES;
				GCC_C_LANGUAGE_STANDARD = gnu11;
				GCC_NO_COMMON_BLOCKS = YES;
				GCC_WARN_64_TO_32_BIT_CONVERSION = YES;
				GCC_WARN_ABOUT_RETURN_TYPE = YES_ERROR;
				GCC_WARN_UNDECLARED_SELECTOR = YES;
				GCC_WARN_UNINITIALIZED_AUTOS = YES_AGGRESSIVE;
				GCC_WARN_UNUSED_FUNCTION = YES;
				GCC_WARN_UNUSED_VARIABLE = YES;
				IPHONEOS_DEPLOYMENT_TARGET = 14.4;
				MTL_ENABLE_DEBUG_INFO = NO;
				MTL_FAST_MATH = YES;
				SDKROOT = iphoneos;
				SWIFT_COMPILATION_MODE = wholemodule;
				SWIFT_OPTIMIZATION_LEVEL = "-O";
				VALIDATE_PRODUCT = YES;
			};
			name = Release;
		};
		6D86F20925EAB6B70052CD5B /* Debug */ = {
			isa = XCBuildConfiguration;
			buildSettings = {
				ASSETCATALOG_COMPILER_APPICON_NAME = AppIcon;
				ASSETCATALOG_COMPILER_GLOBAL_ACCENT_COLOR_NAME = AccentColor;
				CODE_SIGN_STYLE = Automatic;
				DEVELOPMENT_ASSET_PATHS = "\"SteinSaksPapir/Preview Content\"";
				DEVELOPMENT_TEAM = CYK97EE5J4;
				ENABLE_PREVIEWS = YES;
				INFOPLIST_FILE = SteinSaksPapir/Info.plist;
				IPHONEOS_DEPLOYMENT_TARGET = 14.0;
				LD_RUNPATH_SEARCH_PATHS = (
					"$(inherited)",
					"@executable_path/Frameworks",
				);
				PRODUCT_BUNDLE_IDENTIFIER = me.austinwood.SteinSaksPapir;
				PRODUCT_NAME = "$(TARGET_NAME)";
				SWIFT_VERSION = 5.0;
				TARGETED_DEVICE_FAMILY = "1,2";
			};
			name = Debug;
		};
		6D86F20A25EAB6B70052CD5B /* Release */ = {
			isa = XCBuildConfiguration;
			buildSettings = {
				ASSETCATALOG_COMPILER_APPICON_NAME = AppIcon;
				ASSETCATALOG_COMPILER_GLOBAL_ACCENT_COLOR_NAME = AccentColor;
				CODE_SIGN_STYLE = Automatic;
				DEVELOPMENT_ASSET_PATHS = "\"SteinSaksPapir/Preview Content\"";
				DEVELOPMENT_TEAM = CYK97EE5J4;
				ENABLE_PREVIEWS = YES;
				INFOPLIST_FILE = SteinSaksPapir/Info.plist;
				IPHONEOS_DEPLOYMENT_TARGET = 14.0;
				LD_RUNPATH_SEARCH_PATHS = (
					"$(inherited)",
					"@executable_path/Frameworks",
				);
				PRODUCT_BUNDLE_IDENTIFIER = me.austinwood.SteinSaksPapir;
				PRODUCT_NAME = "$(TARGET_NAME)";
				SWIFT_VERSION = 5.0;
				TARGETED_DEVICE_FAMILY = "1,2";
			};
			name = Release;
		};
/* End XCBuildConfiguration section */

/* Begin XCConfigurationList section */
		6D86F1F425EAB6B60052CD5B /* Build configuration list for PBXProject "SteinSaksPapir" */ = {
			isa = XCConfigurationList;
			buildConfigurations = (
				6D86F20625EAB6B70052CD5B /* Debug */,
				6D86F20725EAB6B70052CD5B /* Release */,
			);
			defaultConfigurationIsVisible = 0;
			defaultConfigurationName = Release;
		};
		6D86F20825EAB6B70052CD5B /* Build configuration list for PBXNativeTarget "SteinSaksPapir" */ = {
			isa = XCConfigurationList;
			buildConfigurations = (
				6D86F20925EAB6B70052CD5B /* Debug */,
				6D86F20A25EAB6B70052CD5B /* Release */,
			);
			defaultConfigurationIsVisible = 0;
			defaultConfigurationName = Release;
		};
/* End XCConfigurationList section */
	};
	rootObject = 6D86F1F125EAB6B60052CD5B /* Project object */;
}
